
Microsoft Visual Studio Solution File, Format Version 12.00
# Visual Studio Version 16
VisualStudioVersion = 16.0.30413.136
MinimumVisualStudioVersion = 10.0.40219.1
Project("{9A19103F-16F7-4668-BE54-9A1E7A4F7556}") = "CSMasterClass", "Hello World\CSMasterClass.csproj", "{98AEC698-31AB-4C5C-8A88-986E623C3113}"
EndProject
Project("{2150E333-8FDC-42A3-9474-1A3956D46DE8}") = "Solution Items", "Solution Items", "{72A8E0EA-AA1B-4852-A45B-017F5C575875}"
EndProject
Project("{9A19103F-16F7-4668-BE54-9A1E7A4F7556}") = "WPF 01", "WPF 01\WPF 01.csproj", "{5EF4947B-756B-4441-9640-9B7E4DB0EB8D}"
EndProject
Project("{9A19103F-16F7-4668-BE54-9A1E7A4F7556}") = "WPF 02", "WPF 02\WPF 02.csproj", "{6D49D70A-BBB1-48EE-9A61-E3CDA3ED32AD}"
EndProject
Project("{9A19103F-16F7-4668-BE54-9A1E7A4F7556}") = "WPF 04 Events in XAML", "WPF 04 Events in XAML\WPF 04 Events in XAML.csproj", "{99DCE09A-FEE7-410D-A624-3B9001742654}"
EndProject
Project("{9A19103F-16F7-4668-BE54-9A1E7A4F7556}") = "WPF 05 - Grid", "WPF 05 - Grid\WPF 05 - Grid.csproj", "{76535CEA-1E40-4D1F-8B62-63CD6EC5BA48}"
EndProject
Project("{9A19103F-16F7-4668-BE54-9A1E7A4F7556}") = "WPF 06 - Dependency Properties", "WPF 06 - Dependency Properties\WPF 06 - Dependency Properties.csproj", "{9CBB9A22-876A-4DC5-84A6-616E156C3463}"
EndProject
Project("{FAE04EC0-301F-11D3-BF4B-00C04F79EFBC}") = "WinUI UWP", "WinUI UWP\WinUI UWP.csproj", "{8F9669A2-8632-4AE4-A708-AD6ED446468E}"
EndProject
Project("{9A19103F-16F7-4668-BE54-9A1E7A4F7556}") = "WPF 07 - Databinding", "WPF 07 - Databinding\WPF 07 - Databinding.csproj", "{D911AC99-DE93-49B1-84A8-931B955D8E39}"
EndProject
Project("{9A19103F-16F7-4668-BE54-9A1E7A4F7556}") = "WPF 08 - INotifyPropertyChanged", "WPF 08 - INotifyPropertyChanged\WPF 08 - INotifyPropertyChanged.csproj", "{DD987C4B-7B48-497C-BB8C-94B56300FCD6}"
EndProject
Project("{9A19103F-16F7-4668-BE54-9A1E7A4F7556}") = "WPF 09 - Listbox", "WPF 09 - Listbox\WPF 09 - Listbox.csproj", "{03376350-AC6C-4894-BC12-421B73EACFD5}"
EndProject
Project("{9A19103F-16F7-4668-BE54-9A1E7A4F7556}") = "WPF 09A", "WPF 09A\WPF 09A.csproj", "{8C388DC7-DBE5-4461-B0FB-C4E862905A70}"
EndProject
Project("{9A19103F-16F7-4668-BE54-9A1E7A4F7556}") = "WPF 10 Combobox", "WPF 10 Combobox\WPF 10 Combobox.csproj", "{8B99A9B4-2C94-45AC-89E8-CEDAD998313B}"
EndProject
Project("{9A19103F-16F7-4668-BE54-9A1E7A4F7556}") = "WPF 11 - Checkbox", "WPF 11 - Checkbox\WPF 11 - Checkbox.csproj", "{303D2E41-CAB0-4C8D-85AE-D053C13DB8C0}"
EndProject
Project("{9A19103F-16F7-4668-BE54-9A1E7A4F7556}") = "WPF 12 - ToolTips", "WPF 12 - ToolTips\WPF 12 - ToolTips.csproj", "{73601E82-8253-46B8-BB11-0787C4AD44FC}"
EndProject
Project("{9A19103F-16F7-4668-BE54-9A1E7A4F7556}") = "WPF 13 - RadioButton", "WPF 13 - RadioButton\WPF 13 - RadioButton.csproj", "{76B7C1AA-0D3B-45A0-BE42-A59F401E9B52}"
EndProject
Project("{9A19103F-16F7-4668-BE54-9A1E7A4F7556}") = "WPF 14 - Property Data and Event Triggers", "WPF 14 - Property Data and Event Triggers\WPF 14 - Property Data and Event Triggers.csproj", "{1062C66B-85DA-47C1-8FAD-EB4D97CBC681}"
EndProject
Project("{9A19103F-16F7-4668-BE54-9A1E7A4F7556}") = "WPF 15 - PasswordBox", "WPF 15 - PasswordBox\WPF 15 - PasswordBox.csproj", "{4C56E148-F910-4E67-8E1E-DAC73E8A3CED}"
EndProject
Project("{FAE04EC0-301F-11D3-BF4B-00C04F79EFBC}") = "WPF ZooManager", "WPF ZooManager\WPF ZooManager.csproj", "{221C07F4-3E6F-4B43-AFE7-9239637BC2BA}"
EndProject
Project("{FAE04EC0-301F-11D3-BF4B-00C04F79EFBC}") = "LinqToSQL", "LinqToSQL\LinqToSQL.csproj", "{87E418E8-ADD9-4BC6-8BFE-2A9D34A75E2A}"
EndProject
Project("{FAE04EC0-301F-11D3-BF4B-00C04F79EFBC}") = "WPF Tasks", "WPF Tasks\WPF Tasks.csproj", "{66C60273-A340-4261-B2BE-430F7E6D3F6D}"
EndProject
Global
	GlobalSection(SolutionConfigurationPlatforms) = preSolution
		Debug|Any CPU = Debug|Any CPU
		Debug|iPhone = Debug|iPhone
		Debug|iPhoneSimulator = Debug|iPhoneSimulator
		Debug|x64 = Debug|x64
		Debug|x86 = Debug|x86
		Release|Any CPU = Release|Any CPU
		Release|iPhone = Release|iPhone
		Release|iPhoneSimulator = Release|iPhoneSimulator
		Release|x64 = Release|x64
		Release|x86 = Release|x86
	EndGlobalSection
	GlobalSection(ProjectConfigurationPlatforms) = postSolution
		{98AEC698-31AB-4C5C-8A88-986E623C3113}.Debug|Any CPU.ActiveCfg = Debug|Any CPU
		{98AEC698-31AB-4C5C-8A88-986E623C3113}.Debug|Any CPU.Build.0 = Debug|Any CPU
		{98AEC698-31AB-4C5C-8A88-986E623C3113}.Debug|iPhone.ActiveCfg = Debug|Any CPU
		{98AEC698-31AB-4C5C-8A88-986E623C3113}.Debug|iPhone.Build.0 = Debug|Any CPU
		{98AEC698-31AB-4C5C-8A88-986E623C3113}.Debug|iPhoneSimulator.ActiveCfg = Debug|Any CPU
		{98AEC698-31AB-4C5C-8A88-986E623C3113}.Debug|iPhoneSimulator.Build.0 = Debug|Any CPU
		{98AEC698-31AB-4C5C-8A88-986E623C3113}.Debug|x64.ActiveCfg = Debug|Any CPU
		{98AEC698-31AB-4C5C-8A88-986E623C3113}.Debug|x64.Build.0 = Debug|Any CPU
		{98AEC698-31AB-4C5C-8A88-986E623C3113}.Debug|x86.ActiveCfg = Debug|Any CPU
		{98AEC698-31AB-4C5C-8A88-986E623C3113}.Debug|x86.Build.0 = Debug|Any CPU
		{98AEC698-31AB-4C5C-8A88-986E623C3113}.Release|Any CPU.ActiveCfg = Release|Any CPU
		{98AEC698-31AB-4C5C-8A88-986E623C3113}.Release|Any CPU.Build.0 = Release|Any CPU
		{98AEC698-31AB-4C5C-8A88-986E623C3113}.Release|iPhone.ActiveCfg = Release|Any CPU
		{98AEC698-31AB-4C5C-8A88-986E623C3113}.Release|iPhone.Build.0 = Release|Any CPU
		{98AEC698-31AB-4C5C-8A88-986E623C3113}.Release|iPhoneSimulator.ActiveCfg = Release|Any CPU
		{98AEC698-31AB-4C5C-8A88-986E623C3113}.Release|iPhoneSimulator.Build.0 = Release|Any CPU
		{98AEC698-31AB-4C5C-8A88-986E623C3113}.Release|x64.ActiveCfg = Release|Any CPU
		{98AEC698-31AB-4C5C-8A88-986E623C3113}.Release|x64.Build.0 = Release|Any CPU
		{98AEC698-31AB-4C5C-8A88-986E623C3113}.Release|x86.ActiveCfg = Release|Any CPU
		{98AEC698-31AB-4C5C-8A88-986E623C3113}.Release|x86.Build.0 = Release|Any CPU
		{5EF4947B-756B-4441-9640-9B7E4DB0EB8D}.Debug|Any CPU.ActiveCfg = Debug|Any CPU
		{5EF4947B-756B-4441-9640-9B7E4DB0EB8D}.Debug|Any CPU.Build.0 = Debug|Any CPU
		{5EF4947B-756B-4441-9640-9B7E4DB0EB8D}.Debug|iPhone.ActiveCfg = Debug|Any CPU
		{5EF4947B-756B-4441-9640-9B7E4DB0EB8D}.Debug|iPhone.Build.0 = Debug|Any CPU
		{5EF4947B-756B-4441-9640-9B7E4DB0EB8D}.Debug|iPhoneSimulator.ActiveCfg = Debug|Any CPU
		{5EF4947B-756B-4441-9640-9B7E4DB0EB8D}.Debug|iPhoneSimulator.Build.0 = Debug|Any CPU
		{5EF4947B-756B-4441-9640-9B7E4DB0EB8D}.Debug|x64.ActiveCfg = Debug|Any CPU
		{5EF4947B-756B-4441-9640-9B7E4DB0EB8D}.Debug|x64.Build.0 = Debug|Any CPU
		{5EF4947B-756B-4441-9640-9B7E4DB0EB8D}.Debug|x86.ActiveCfg = Debug|Any CPU
		{5EF4947B-756B-4441-9640-9B7E4DB0EB8D}.Debug|x86.Build.0 = Debug|Any CPU
		{5EF4947B-756B-4441-9640-9B7E4DB0EB8D}.Release|Any CPU.ActiveCfg = Release|Any CPU
		{5EF4947B-756B-4441-9640-9B7E4DB0EB8D}.Release|Any CPU.Build.0 = Release|Any CPU
		{5EF4947B-756B-4441-9640-9B7E4DB0EB8D}.Release|iPhone.ActiveCfg = Release|Any CPU
		{5EF4947B-756B-4441-9640-9B7E4DB0EB8D}.Release|iPhone.Build.0 = Release|Any CPU
		{5EF4947B-756B-4441-9640-9B7E4DB0EB8D}.Release|iPhoneSimulator.ActiveCfg = Release|Any CPU
		{5EF4947B-756B-4441-9640-9B7E4DB0EB8D}.Release|iPhoneSimulator.Build.0 = Release|Any CPU
		{5EF4947B-756B-4441-9640-9B7E4DB0EB8D}.Release|x64.ActiveCfg = Release|Any CPU
		{5EF4947B-756B-4441-9640-9B7E4DB0EB8D}.Release|x64.Build.0 = Release|Any CPU
		{5EF4947B-756B-4441-9640-9B7E4DB0EB8D}.Release|x86.ActiveCfg = Release|Any CPU
		{5EF4947B-756B-4441-9640-9B7E4DB0EB8D}.Release|x86.Build.0 = Release|Any CPU
		{6D49D70A-BBB1-48EE-9A61-E3CDA3ED32AD}.Debug|Any CPU.ActiveCfg = Debug|Any CPU
		{6D49D70A-BBB1-48EE-9A61-E3CDA3ED32AD}.Debug|Any CPU.Build.0 = Debug|Any CPU
		{6D49D70A-BBB1-48EE-9A61-E3CDA3ED32AD}.Debug|iPhone.ActiveCfg = Debug|Any CPU
		{6D49D70A-BBB1-48EE-9A61-E3CDA3ED32AD}.Debug|iPhone.Build.0 = Debug|Any CPU
		{6D49D70A-BBB1-48EE-9A61-E3CDA3ED32AD}.Debug|iPhoneSimulator.ActiveCfg = Debug|Any CPU
		{6D49D70A-BBB1-48EE-9A61-E3CDA3ED32AD}.Debug|iPhoneSimulator.Build.0 = Debug|Any CPU
		{6D49D70A-BBB1-48EE-9A61-E3CDA3ED32AD}.Debug|x64.ActiveCfg = Debug|Any CPU
		{6D49D70A-BBB1-48EE-9A61-E3CDA3ED32AD}.Debug|x64.Build.0 = Debug|Any CPU
		{6D49D70A-BBB1-48EE-9A61-E3CDA3ED32AD}.Debug|x86.ActiveCfg = Debug|Any CPU
		{6D49D70A-BBB1-48EE-9A61-E3CDA3ED32AD}.Debug|x86.Build.0 = Debug|Any CPU
		{6D49D70A-BBB1-48EE-9A61-E3CDA3ED32AD}.Release|Any CPU.ActiveCfg = Release|Any CPU
		{6D49D70A-BBB1-48EE-9A61-E3CDA3ED32AD}.Release|Any CPU.Build.0 = Release|Any CPU
		{6D49D70A-BBB1-48EE-9A61-E3CDA3ED32AD}.Release|iPhone.ActiveCfg = Release|Any CPU
		{6D49D70A-BBB1-48EE-9A61-E3CDA3ED32AD}.Release|iPhone.Build.0 = Release|Any CPU
		{6D49D70A-BBB1-48EE-9A61-E3CDA3ED32AD}.Release|iPhoneSimulator.ActiveCfg = Release|Any CPU
		{6D49D70A-BBB1-48EE-9A61-E3CDA3ED32AD}.Release|iPhoneSimulator.Build.0 = Release|Any CPU
		{6D49D70A-BBB1-48EE-9A61-E3CDA3ED32AD}.Release|x64.ActiveCfg = Release|Any CPU
		{6D49D70A-BBB1-48EE-9A61-E3CDA3ED32AD}.Release|x64.Build.0 = Release|Any CPU
		{6D49D70A-BBB1-48EE-9A61-E3CDA3ED32AD}.Release|x86.ActiveCfg = Release|Any CPU
		{6D49D70A-BBB1-48EE-9A61-E3CDA3ED32AD}.Release|x86.Build.0 = Release|Any CPU
		{99DCE09A-FEE7-410D-A624-3B9001742654}.Debug|Any CPU.ActiveCfg = Debug|Any CPU
		{99DCE09A-FEE7-410D-A624-3B9001742654}.Debug|Any CPU.Build.0 = Debug|Any CPU
		{99DCE09A-FEE7-410D-A624-3B9001742654}.Debug|iPhone.ActiveCfg = Debug|Any CPU
		{99DCE09A-FEE7-410D-A624-3B9001742654}.Debug|iPhone.Build.0 = Debug|Any CPU
		{99DCE09A-FEE7-410D-A624-3B9001742654}.Debug|iPhoneSimulator.ActiveCfg = Debug|Any CPU
		{99DCE09A-FEE7-410D-A624-3B9001742654}.Debug|iPhoneSimulator.Build.0 = Debug|Any CPU
		{99DCE09A-FEE7-410D-A624-3B9001742654}.Debug|x64.ActiveCfg = Debug|Any CPU
		{99DCE09A-FEE7-410D-A624-3B9001742654}.Debug|x64.Build.0 = Debug|Any CPU
		{99DCE09A-FEE7-410D-A624-3B9001742654}.Debug|x86.ActiveCfg = Debug|Any CPU
		{99DCE09A-FEE7-410D-A624-3B9001742654}.Debug|x86.Build.0 = Debug|Any CPU
		{99DCE09A-FEE7-410D-A624-3B9001742654}.Release|Any CPU.ActiveCfg = Release|Any CPU
		{99DCE09A-FEE7-410D-A624-3B9001742654}.Release|Any CPU.Build.0 = Release|Any CPU
		{99DCE09A-FEE7-410D-A624-3B9001742654}.Release|iPhone.ActiveCfg = Release|Any CPU
		{99DCE09A-FEE7-410D-A624-3B9001742654}.Release|iPhone.Build.0 = Release|Any CPU
		{99DCE09A-FEE7-410D-A624-3B9001742654}.Release|iPhoneSimulator.ActiveCfg = Release|Any CPU
		{99DCE09A-FEE7-410D-A624-3B9001742654}.Release|iPhoneSimulator.Build.0 = Release|Any CPU
		{99DCE09A-FEE7-410D-A624-3B9001742654}.Release|x64.ActiveCfg = Release|Any CPU
		{99DCE09A-FEE7-410D-A624-3B9001742654}.Release|x64.Build.0 = Release|Any CPU
		{99DCE09A-FEE7-410D-A624-3B9001742654}.Release|x86.ActiveCfg = Release|Any CPU
		{99DCE09A-FEE7-410D-A624-3B9001742654}.Release|x86.Build.0 = Release|Any CPU
		{76535CEA-1E40-4D1F-8B62-63CD6EC5BA48}.Debug|Any CPU.ActiveCfg = Debug|Any CPU
		{76535CEA-1E40-4D1F-8B62-63CD6EC5BA48}.Debug|Any CPU.Build.0 = Debug|Any CPU
		{76535CEA-1E40-4D1F-8B62-63CD6EC5BA48}.Debug|iPhone.ActiveCfg = Debug|Any CPU
		{76535CEA-1E40-4D1F-8B62-63CD6EC5BA48}.Debug|iPhone.Build.0 = Debug|Any CPU
		{76535CEA-1E40-4D1F-8B62-63CD6EC5BA48}.Debug|iPhoneSimulator.ActiveCfg = Debug|Any CPU
		{76535CEA-1E40-4D1F-8B62-63CD6EC5BA48}.Debug|iPhoneSimulator.Build.0 = Debug|Any CPU
		{76535CEA-1E40-4D1F-8B62-63CD6EC5BA48}.Debug|x64.ActiveCfg = Debug|Any CPU
		{76535CEA-1E40-4D1F-8B62-63CD6EC5BA48}.Debug|x64.Build.0 = Debug|Any CPU
		{76535CEA-1E40-4D1F-8B62-63CD6EC5BA48}.Debug|x86.ActiveCfg = Debug|Any CPU
		{76535CEA-1E40-4D1F-8B62-63CD6EC5BA48}.Debug|x86.Build.0 = Debug|Any CPU
		{76535CEA-1E40-4D1F-8B62-63CD6EC5BA48}.Release|Any CPU.ActiveCfg = Release|Any CPU
		{76535CEA-1E40-4D1F-8B62-63CD6EC5BA48}.Release|Any CPU.Build.0 = Release|Any CPU
		{76535CEA-1E40-4D1F-8B62-63CD6EC5BA48}.Release|iPhone.ActiveCfg = Release|Any CPU
		{76535CEA-1E40-4D1F-8B62-63CD6EC5BA48}.Release|iPhone.Build.0 = Release|Any CPU
		{76535CEA-1E40-4D1F-8B62-63CD6EC5BA48}.Release|iPhoneSimulator.ActiveCfg = Release|Any CPU
		{76535CEA-1E40-4D1F-8B62-63CD6EC5BA48}.Release|iPhoneSimulator.Build.0 = Release|Any CPU
		{76535CEA-1E40-4D1F-8B62-63CD6EC5BA48}.Release|x64.ActiveCfg = Release|Any CPU
		{76535CEA-1E40-4D1F-8B62-63CD6EC5BA48}.Release|x64.Build.0 = Release|Any CPU
		{76535CEA-1E40-4D1F-8B62-63CD6EC5BA48}.Release|x86.ActiveCfg = Release|Any CPU
		{76535CEA-1E40-4D1F-8B62-63CD6EC5BA48}.Release|x86.Build.0 = Release|Any CPU
		{9CBB9A22-876A-4DC5-84A6-616E156C3463}.Debug|Any CPU.ActiveCfg = Debug|Any CPU
		{9CBB9A22-876A-4DC5-84A6-616E156C3463}.Debug|Any CPU.Build.0 = Debug|Any CPU
		{9CBB9A22-876A-4DC5-84A6-616E156C3463}.Debug|iPhone.ActiveCfg = Debug|Any CPU
		{9CBB9A22-876A-4DC5-84A6-616E156C3463}.Debug|iPhone.Build.0 = Debug|Any CPU
		{9CBB9A22-876A-4DC5-84A6-616E156C3463}.Debug|iPhoneSimulator.ActiveCfg = Debug|Any CPU
		{9CBB9A22-876A-4DC5-84A6-616E156C3463}.Debug|iPhoneSimulator.Build.0 = Debug|Any CPU
		{9CBB9A22-876A-4DC5-84A6-616E156C3463}.Debug|x64.ActiveCfg = Debug|Any CPU
		{9CBB9A22-876A-4DC5-84A6-616E156C3463}.Debug|x64.Build.0 = Debug|Any CPU
		{9CBB9A22-876A-4DC5-84A6-616E156C3463}.Debug|x86.ActiveCfg = Debug|Any CPU
		{9CBB9A22-876A-4DC5-84A6-616E156C3463}.Debug|x86.Build.0 = Debug|Any CPU
		{9CBB9A22-876A-4DC5-84A6-616E156C3463}.Release|Any CPU.ActiveCfg = Release|Any CPU
		{9CBB9A22-876A-4DC5-84A6-616E156C3463}.Release|Any CPU.Build.0 = Release|Any CPU
		{9CBB9A22-876A-4DC5-84A6-616E156C3463}.Release|iPhone.ActiveCfg = Release|Any CPU
		{9CBB9A22-876A-4DC5-84A6-616E156C3463}.Release|iPhone.Build.0 = Release|Any CPU
		{9CBB9A22-876A-4DC5-84A6-616E156C3463}.Release|iPhoneSimulator.ActiveCfg = Release|Any CPU
		{9CBB9A22-876A-4DC5-84A6-616E156C3463}.Release|iPhoneSimulator.Build.0 = Release|Any CPU
		{9CBB9A22-876A-4DC5-84A6-616E156C3463}.Release|x64.ActiveCfg = Release|Any CPU
		{9CBB9A22-876A-4DC5-84A6-616E156C3463}.Release|x64.Build.0 = Release|Any CPU
		{9CBB9A22-876A-4DC5-84A6-616E156C3463}.Release|x86.ActiveCfg = Release|Any CPU
		{9CBB9A22-876A-4DC5-84A6-616E156C3463}.Release|x86.Build.0 = Release|Any CPU
		{8F9669A2-8632-4AE4-A708-AD6ED446468E}.Debug|Any CPU.ActiveCfg = Debug|x86
		{8F9669A2-8632-4AE4-A708-AD6ED446468E}.Debug|iPhone.ActiveCfg = Debug|x86
		{8F9669A2-8632-4AE4-A708-AD6ED446468E}.Debug|iPhoneSimulator.ActiveCfg = Debug|x86
		{8F9669A2-8632-4AE4-A708-AD6ED446468E}.Debug|x64.ActiveCfg = Debug|x64
		{8F9669A2-8632-4AE4-A708-AD6ED446468E}.Debug|x64.Build.0 = Debug|x64
		{8F9669A2-8632-4AE4-A708-AD6ED446468E}.Debug|x64.Deploy.0 = Debug|x64
		{8F9669A2-8632-4AE4-A708-AD6ED446468E}.Debug|x86.ActiveCfg = Debug|x86
		{8F9669A2-8632-4AE4-A708-AD6ED446468E}.Debug|x86.Build.0 = Debug|x86
		{8F9669A2-8632-4AE4-A708-AD6ED446468E}.Debug|x86.Deploy.0 = Debug|x86
		{8F9669A2-8632-4AE4-A708-AD6ED446468E}.Release|Any CPU.ActiveCfg = Release|x86
		{8F9669A2-8632-4AE4-A708-AD6ED446468E}.Release|iPhone.ActiveCfg = Release|x86
		{8F9669A2-8632-4AE4-A708-AD6ED446468E}.Release|iPhoneSimulator.ActiveCfg = Release|x86
		{8F9669A2-8632-4AE4-A708-AD6ED446468E}.Release|x64.ActiveCfg = Release|x64
		{8F9669A2-8632-4AE4-A708-AD6ED446468E}.Release|x64.Build.0 = Release|x64
		{8F9669A2-8632-4AE4-A708-AD6ED446468E}.Release|x64.Deploy.0 = Release|x64
		{8F9669A2-8632-4AE4-A708-AD6ED446468E}.Release|x86.ActiveCfg = Release|x86
		{8F9669A2-8632-4AE4-A708-AD6ED446468E}.Release|x86.Build.0 = Release|x86
		{8F9669A2-8632-4AE4-A708-AD6ED446468E}.Release|x86.Deploy.0 = Release|x86
		{D911AC99-DE93-49B1-84A8-931B955D8E39}.Debug|Any CPU.ActiveCfg = Debug|Any CPU
		{D911AC99-DE93-49B1-84A8-931B955D8E39}.Debug|Any CPU.Build.0 = Debug|Any CPU
		{D911AC99-DE93-49B1-84A8-931B955D8E39}.Debug|iPhone.ActiveCfg = Debug|Any CPU
		{D911AC99-DE93-49B1-84A8-931B955D8E39}.Debug|iPhone.Build.0 = Debug|Any CPU
		{D911AC99-DE93-49B1-84A8-931B955D8E39}.Debug|iPhoneSimulator.ActiveCfg = Debug|Any CPU
		{D911AC99-DE93-49B1-84A8-931B955D8E39}.Debug|iPhoneSimulator.Build.0 = Debug|Any CPU
		{D911AC99-DE93-49B1-84A8-931B955D8E39}.Debug|x64.ActiveCfg = Debug|Any CPU
		{D911AC99-DE93-49B1-84A8-931B955D8E39}.Debug|x64.Build.0 = Debug|Any CPU
		{D911AC99-DE93-49B1-84A8-931B955D8E39}.Debug|x86.ActiveCfg = Debug|Any CPU
		{D911AC99-DE93-49B1-84A8-931B955D8E39}.Debug|x86.Build.0 = Debug|Any CPU
		{D911AC99-DE93-49B1-84A8-931B955D8E39}.Release|Any CPU.ActiveCfg = Release|Any CPU
		{D911AC99-DE93-49B1-84A8-931B955D8E39}.Release|Any CPU.Build.0 = Release|Any CPU
		{D911AC99-DE93-49B1-84A8-931B955D8E39}.Release|iPhone.ActiveCfg = Release|Any CPU
		{D911AC99-DE93-49B1-84A8-931B955D8E39}.Release|iPhone.Build.0 = Release|Any CPU
		{D911AC99-DE93-49B1-84A8-931B955D8E39}.Release|iPhoneSimulator.ActiveCfg = Release|Any CPU
		{D911AC99-DE93-49B1-84A8-931B955D8E39}.Release|iPhoneSimulator.Build.0 = Release|Any CPU
		{D911AC99-DE93-49B1-84A8-931B955D8E39}.Release|x64.ActiveCfg = Release|Any CPU
		{D911AC99-DE93-49B1-84A8-931B955D8E39}.Release|x64.Build.0 = Release|Any CPU
		{D911AC99-DE93-49B1-84A8-931B955D8E39}.Release|x86.ActiveCfg = Release|Any CPU
		{D911AC99-DE93-49B1-84A8-931B955D8E39}.Release|x86.Build.0 = Release|Any CPU
		{DD987C4B-7B48-497C-BB8C-94B56300FCD6}.Debug|Any CPU.ActiveCfg = Debug|Any CPU
		{DD987C4B-7B48-497C-BB8C-94B56300FCD6}.Debug|Any CPU.Build.0 = Debug|Any CPU
		{DD987C4B-7B48-497C-BB8C-94B56300FCD6}.Debug|iPhone.ActiveCfg = Debug|Any CPU
		{DD987C4B-7B48-497C-BB8C-94B56300FCD6}.Debug|iPhone.Build.0 = Debug|Any CPU
		{DD987C4B-7B48-497C-BB8C-94B56300FCD6}.Debug|iPhoneSimulator.ActiveCfg = Debug|Any CPU
		{DD987C4B-7B48-497C-BB8C-94B56300FCD6}.Debug|iPhoneSimulator.Build.0 = Debug|Any CPU
		{DD987C4B-7B48-497C-BB8C-94B56300FCD6}.Debug|x64.ActiveCfg = Debug|Any CPU
		{DD987C4B-7B48-497C-BB8C-94B56300FCD6}.Debug|x64.Build.0 = Debug|Any CPU
		{DD987C4B-7B48-497C-BB8C-94B56300FCD6}.Debug|x86.ActiveCfg = Debug|Any CPU
		{DD987C4B-7B48-497C-BB8C-94B56300FCD6}.Debug|x86.Build.0 = Debug|Any CPU
		{DD987C4B-7B48-497C-BB8C-94B56300FCD6}.Release|Any CPU.ActiveCfg = Release|Any CPU
		{DD987C4B-7B48-497C-BB8C-94B56300FCD6}.Release|Any CPU.Build.0 = Release|Any CPU
		{DD987C4B-7B48-497C-BB8C-94B56300FCD6}.Release|iPhone.ActiveCfg = Release|Any CPU
		{DD987C4B-7B48-497C-BB8C-94B56300FCD6}.Release|iPhone.Build.0 = Release|Any CPU
		{DD987C4B-7B48-497C-BB8C-94B56300FCD6}.Release|iPhoneSimulator.ActiveCfg = Release|Any CPU
		{DD987C4B-7B48-497C-BB8C-94B56300FCD6}.Release|iPhoneSimulator.Build.0 = Release|Any CPU
		{DD987C4B-7B48-497C-BB8C-94B56300FCD6}.Release|x64.ActiveCfg = Release|Any CPU
		{DD987C4B-7B48-497C-BB8C-94B56300FCD6}.Release|x64.Build.0 = Release|Any CPU
		{DD987C4B-7B48-497C-BB8C-94B56300FCD6}.Release|x86.ActiveCfg = Release|Any CPU
		{DD987C4B-7B48-497C-BB8C-94B56300FCD6}.Release|x86.Build.0 = Release|Any CPU
		{03376350-AC6C-4894-BC12-421B73EACFD5}.Debug|Any CPU.ActiveCfg = Debug|Any CPU
		{03376350-AC6C-4894-BC12-421B73EACFD5}.Debug|Any CPU.Build.0 = Debug|Any CPU
		{03376350-AC6C-4894-BC12-421B73EACFD5}.Debug|iPhone.ActiveCfg = Debug|Any CPU
		{03376350-AC6C-4894-BC12-421B73EACFD5}.Debug|iPhone.Build.0 = Debug|Any CPU
		{03376350-AC6C-4894-BC12-421B73EACFD5}.Debug|iPhoneSimulator.ActiveCfg = Debug|Any CPU
		{03376350-AC6C-4894-BC12-421B73EACFD5}.Debug|iPhoneSimulator.Build.0 = Debug|Any CPU
		{03376350-AC6C-4894-BC12-421B73EACFD5}.Debug|x64.ActiveCfg = Debug|Any CPU
		{03376350-AC6C-4894-BC12-421B73EACFD5}.Debug|x64.Build.0 = Debug|Any CPU
		{03376350-AC6C-4894-BC12-421B73EACFD5}.Debug|x86.ActiveCfg = Debug|Any CPU
		{03376350-AC6C-4894-BC12-421B73EACFD5}.Debug|x86.Build.0 = Debug|Any CPU
		{03376350-AC6C-4894-BC12-421B73EACFD5}.Release|Any CPU.ActiveCfg = Release|Any CPU
		{03376350-AC6C-4894-BC12-421B73EACFD5}.Release|Any CPU.Build.0 = Release|Any CPU
		{03376350-AC6C-4894-BC12-421B73EACFD5}.Release|iPhone.ActiveCfg = Release|Any CPU
		{03376350-AC6C-4894-BC12-421B73EACFD5}.Release|iPhone.Build.0 = Release|Any CPU
		{03376350-AC6C-4894-BC12-421B73EACFD5}.Release|iPhoneSimulator.ActiveCfg = Release|Any CPU
		{03376350-AC6C-4894-BC12-421B73EACFD5}.Release|iPhoneSimulator.Build.0 = Release|Any CPU
		{03376350-AC6C-4894-BC12-421B73EACFD5}.Release|x64.ActiveCfg = Release|Any CPU
		{03376350-AC6C-4894-BC12-421B73EACFD5}.Release|x64.Build.0 = Release|Any CPU
		{03376350-AC6C-4894-BC12-421B73EACFD5}.Release|x86.ActiveCfg = Release|Any CPU
		{03376350-AC6C-4894-BC12-421B73EACFD5}.Release|x86.Build.0 = Release|Any CPU
		{8C388DC7-DBE5-4461-B0FB-C4E862905A70}.Debug|Any CPU.ActiveCfg = Debug|Any CPU
		{8C388DC7-DBE5-4461-B0FB-C4E862905A70}.Debug|Any CPU.Build.0 = Debug|Any CPU
		{8C388DC7-DBE5-4461-B0FB-C4E862905A70}.Debug|iPhone.ActiveCfg = Debug|Any CPU
		{8C388DC7-DBE5-4461-B0FB-C4E862905A70}.Debug|iPhone.Build.0 = Debug|Any CPU
		{8C388DC7-DBE5-4461-B0FB-C4E862905A70}.Debug|iPhoneSimulator.ActiveCfg = Debug|Any CPU
		{8C388DC7-DBE5-4461-B0FB-C4E862905A70}.Debug|iPhoneSimulator.Build.0 = Debug|Any CPU
		{8C388DC7-DBE5-4461-B0FB-C4E862905A70}.Debug|x64.ActiveCfg = Debug|Any CPU
		{8C388DC7-DBE5-4461-B0FB-C4E862905A70}.Debug|x64.Build.0 = Debug|Any CPU
		{8C388DC7-DBE5-4461-B0FB-C4E862905A70}.Debug|x86.ActiveCfg = Debug|Any CPU
		{8C388DC7-DBE5-4461-B0FB-C4E862905A70}.Debug|x86.Build.0 = Debug|Any CPU
		{8C388DC7-DBE5-4461-B0FB-C4E862905A70}.Release|Any CPU.ActiveCfg = Release|Any CPU
		{8C388DC7-DBE5-4461-B0FB-C4E862905A70}.Release|Any CPU.Build.0 = Release|Any CPU
		{8C388DC7-DBE5-4461-B0FB-C4E862905A70}.Release|iPhone.ActiveCfg = Release|Any CPU
		{8C388DC7-DBE5-4461-B0FB-C4E862905A70}.Release|iPhone.Build.0 = Release|Any CPU
		{8C388DC7-DBE5-4461-B0FB-C4E862905A70}.Release|iPhoneSimulator.ActiveCfg = Release|Any CPU
		{8C388DC7-DBE5-4461-B0FB-C4E862905A70}.Release|iPhoneSimulator.Build.0 = Release|Any CPU
		{8C388DC7-DBE5-4461-B0FB-C4E862905A70}.Release|x64.ActiveCfg = Release|Any CPU
		{8C388DC7-DBE5-4461-B0FB-C4E862905A70}.Release|x64.Build.0 = Release|Any CPU
		{8C388DC7-DBE5-4461-B0FB-C4E862905A70}.Release|x86.ActiveCfg = Release|Any CPU
		{8C388DC7-DBE5-4461-B0FB-C4E862905A70}.Release|x86.Build.0 = Release|Any CPU
		{8B99A9B4-2C94-45AC-89E8-CEDAD998313B}.Debug|Any CPU.ActiveCfg = Debug|Any CPU
		{8B99A9B4-2C94-45AC-89E8-CEDAD998313B}.Debug|Any CPU.Build.0 = Debug|Any CPU
		{8B99A9B4-2C94-45AC-89E8-CEDAD998313B}.Debug|iPhone.ActiveCfg = Debug|Any CPU
		{8B99A9B4-2C94-45AC-89E8-CEDAD998313B}.Debug|iPhone.Build.0 = Debug|Any CPU
		{8B99A9B4-2C94-45AC-89E8-CEDAD998313B}.Debug|iPhoneSimulator.ActiveCfg = Debug|Any CPU
		{8B99A9B4-2C94-45AC-89E8-CEDAD998313B}.Debug|iPhoneSimulator.Build.0 = Debug|Any CPU
		{8B99A9B4-2C94-45AC-89E8-CEDAD998313B}.Debug|x64.ActiveCfg = Debug|Any CPU
		{8B99A9B4-2C94-45AC-89E8-CEDAD998313B}.Debug|x64.Build.0 = Debug|Any CPU
		{8B99A9B4-2C94-45AC-89E8-CEDAD998313B}.Debug|x86.ActiveCfg = Debug|Any CPU
		{8B99A9B4-2C94-45AC-89E8-CEDAD998313B}.Debug|x86.Build.0 = Debug|Any CPU
		{8B99A9B4-2C94-45AC-89E8-CEDAD998313B}.Release|Any CPU.ActiveCfg = Release|Any CPU
		{8B99A9B4-2C94-45AC-89E8-CEDAD998313B}.Release|Any CPU.Build.0 = Release|Any CPU
		{8B99A9B4-2C94-45AC-89E8-CEDAD998313B}.Release|iPhone.ActiveCfg = Release|Any CPU
		{8B99A9B4-2C94-45AC-89E8-CEDAD998313B}.Release|iPhone.Build.0 = Release|Any CPU
		{8B99A9B4-2C94-45AC-89E8-CEDAD998313B}.Release|iPhoneSimulator.ActiveCfg = Release|Any CPU
		{8B99A9B4-2C94-45AC-89E8-CEDAD998313B}.Release|iPhoneSimulator.Build.0 = Release|Any CPU
		{8B99A9B4-2C94-45AC-89E8-CEDAD998313B}.Release|x64.ActiveCfg = Release|Any CPU
		{8B99A9B4-2C94-45AC-89E8-CEDAD998313B}.Release|x64.Build.0 = Release|Any CPU
		{8B99A9B4-2C94-45AC-89E8-CEDAD998313B}.Release|x86.ActiveCfg = Release|Any CPU
		{8B99A9B4-2C94-45AC-89E8-CEDAD998313B}.Release|x86.Build.0 = Release|Any CPU
		{303D2E41-CAB0-4C8D-85AE-D053C13DB8C0}.Debug|Any CPU.ActiveCfg = Debug|Any CPU
		{303D2E41-CAB0-4C8D-85AE-D053C13DB8C0}.Debug|Any CPU.Build.0 = Debug|Any CPU
		{303D2E41-CAB0-4C8D-85AE-D053C13DB8C0}.Debug|iPhone.ActiveCfg = Debug|Any CPU
		{303D2E41-CAB0-4C8D-85AE-D053C13DB8C0}.Debug|iPhone.Build.0 = Debug|Any CPU
		{303D2E41-CAB0-4C8D-85AE-D053C13DB8C0}.Debug|iPhoneSimulator.ActiveCfg = Debug|Any CPU
		{303D2E41-CAB0-4C8D-85AE-D053C13DB8C0}.Debug|iPhoneSimulator.Build.0 = Debug|Any CPU
		{303D2E41-CAB0-4C8D-85AE-D053C13DB8C0}.Debug|x64.ActiveCfg = Debug|Any CPU
		{303D2E41-CAB0-4C8D-85AE-D053C13DB8C0}.Debug|x64.Build.0 = Debug|Any CPU
		{303D2E41-CAB0-4C8D-85AE-D053C13DB8C0}.Debug|x86.ActiveCfg = Debug|Any CPU
		{303D2E41-CAB0-4C8D-85AE-D053C13DB8C0}.Debug|x86.Build.0 = Debug|Any CPU
		{303D2E41-CAB0-4C8D-85AE-D053C13DB8C0}.Release|Any CPU.ActiveCfg = Release|Any CPU
		{303D2E41-CAB0-4C8D-85AE-D053C13DB8C0}.Release|Any CPU.Build.0 = Release|Any CPU
		{303D2E41-CAB0-4C8D-85AE-D053C13DB8C0}.Release|iPhone.ActiveCfg = Release|Any CPU
		{303D2E41-CAB0-4C8D-85AE-D053C13DB8C0}.Release|iPhone.Build.0 = Release|Any CPU
		{303D2E41-CAB0-4C8D-85AE-D053C13DB8C0}.Release|iPhoneSimulator.ActiveCfg = Release|Any CPU
		{303D2E41-CAB0-4C8D-85AE-D053C13DB8C0}.Release|iPhoneSimulator.Build.0 = Release|Any CPU
		{303D2E41-CAB0-4C8D-85AE-D053C13DB8C0}.Release|x64.ActiveCfg = Release|Any CPU
		{303D2E41-CAB0-4C8D-85AE-D053C13DB8C0}.Release|x64.Build.0 = Release|Any CPU
		{303D2E41-CAB0-4C8D-85AE-D053C13DB8C0}.Release|x86.ActiveCfg = Release|Any CPU
		{303D2E41-CAB0-4C8D-85AE-D053C13DB8C0}.Release|x86.Build.0 = Release|Any CPU
		{73601E82-8253-46B8-BB11-0787C4AD44FC}.Debug|Any CPU.ActiveCfg = Debug|Any CPU
		{73601E82-8253-46B8-BB11-0787C4AD44FC}.Debug|Any CPU.Build.0 = Debug|Any CPU
		{73601E82-8253-46B8-BB11-0787C4AD44FC}.Debug|iPhone.ActiveCfg = Debug|Any CPU
		{73601E82-8253-46B8-BB11-0787C4AD44FC}.Debug|iPhone.Build.0 = Debug|Any CPU
		{73601E82-8253-46B8-BB11-0787C4AD44FC}.Debug|iPhoneSimulator.ActiveCfg = Debug|Any CPU
		{73601E82-8253-46B8-BB11-0787C4AD44FC}.Debug|iPhoneSimulator.Build.0 = Debug|Any CPU
		{73601E82-8253-46B8-BB11-0787C4AD44FC}.Debug|x64.ActiveCfg = Debug|Any CPU
		{73601E82-8253-46B8-BB11-0787C4AD44FC}.Debug|x64.Build.0 = Debug|Any CPU
		{73601E82-8253-46B8-BB11-0787C4AD44FC}.Debug|x86.ActiveCfg = Debug|Any CPU
		{73601E82-8253-46B8-BB11-0787C4AD44FC}.Debug|x86.Build.0 = Debug|Any CPU
		{73601E82-8253-46B8-BB11-0787C4AD44FC}.Release|Any CPU.ActiveCfg = Release|Any CPU
		{73601E82-8253-46B8-BB11-0787C4AD44FC}.Release|Any CPU.Build.0 = Release|Any CPU
		{73601E82-8253-46B8-BB11-0787C4AD44FC}.Release|iPhone.ActiveCfg = Release|Any CPU
		{73601E82-8253-46B8-BB11-0787C4AD44FC}.Release|iPhone.Build.0 = Release|Any CPU
		{73601E82-8253-46B8-BB11-0787C4AD44FC}.Release|iPhoneSimulator.ActiveCfg = Release|Any CPU
		{73601E82-8253-46B8-BB11-0787C4AD44FC}.Release|iPhoneSimulator.Build.0 = Release|Any CPU
		{73601E82-8253-46B8-BB11-0787C4AD44FC}.Release|x64.ActiveCfg = Release|Any CPU
		{73601E82-8253-46B8-BB11-0787C4AD44FC}.Release|x64.Build.0 = Release|Any CPU
		{73601E82-8253-46B8-BB11-0787C4AD44FC}.Release|x86.ActiveCfg = Release|Any CPU
		{73601E82-8253-46B8-BB11-0787C4AD44FC}.Release|x86.Build.0 = Release|Any CPU
		{76B7C1AA-0D3B-45A0-BE42-A59F401E9B52}.Debug|Any CPU.ActiveCfg = Debug|Any CPU
		{76B7C1AA-0D3B-45A0-BE42-A59F401E9B52}.Debug|Any CPU.Build.0 = Debug|Any CPU
		{76B7C1AA-0D3B-45A0-BE42-A59F401E9B52}.Debug|iPhone.ActiveCfg = Debug|Any CPU
		{76B7C1AA-0D3B-45A0-BE42-A59F401E9B52}.Debug|iPhone.Build.0 = Debug|Any CPU
		{76B7C1AA-0D3B-45A0-BE42-A59F401E9B52}.Debug|iPhoneSimulator.ActiveCfg = Debug|Any CPU
		{76B7C1AA-0D3B-45A0-BE42-A59F401E9B52}.Debug|iPhoneSimulator.Build.0 = Debug|Any CPU
		{76B7C1AA-0D3B-45A0-BE42-A59F401E9B52}.Debug|x64.ActiveCfg = Debug|Any CPU
		{76B7C1AA-0D3B-45A0-BE42-A59F401E9B52}.Debug|x64.Build.0 = Debug|Any CPU
		{76B7C1AA-0D3B-45A0-BE42-A59F401E9B52}.Debug|x86.ActiveCfg = Debug|Any CPU
		{76B7C1AA-0D3B-45A0-BE42-A59F401E9B52}.Debug|x86.Build.0 = Debug|Any CPU
		{76B7C1AA-0D3B-45A0-BE42-A59F401E9B52}.Release|Any CPU.ActiveCfg = Release|Any CPU
		{76B7C1AA-0D3B-45A0-BE42-A59F401E9B52}.Release|Any CPU.Build.0 = Release|Any CPU
		{76B7C1AA-0D3B-45A0-BE42-A59F401E9B52}.Release|iPhone.ActiveCfg = Release|Any CPU
		{76B7C1AA-0D3B-45A0-BE42-A59F401E9B52}.Release|iPhone.Build.0 = Release|Any CPU
		{76B7C1AA-0D3B-45A0-BE42-A59F401E9B52}.Release|iPhoneSimulator.ActiveCfg = Release|Any CPU
		{76B7C1AA-0D3B-45A0-BE42-A59F401E9B52}.Release|iPhoneSimulator.Build.0 = Release|Any CPU
		{76B7C1AA-0D3B-45A0-BE42-A59F401E9B52}.Release|x64.ActiveCfg = Release|Any CPU
		{76B7C1AA-0D3B-45A0-BE42-A59F401E9B52}.Release|x64.Build.0 = Release|Any CPU
		{76B7C1AA-0D3B-45A0-BE42-A59F401E9B52}.Release|x86.ActiveCfg = Release|Any CPU
		{76B7C1AA-0D3B-45A0-BE42-A59F401E9B52}.Release|x86.Build.0 = Release|Any CPU
		{1062C66B-85DA-47C1-8FAD-EB4D97CBC681}.Debug|Any CPU.ActiveCfg = Debug|Any CPU
		{1062C66B-85DA-47C1-8FAD-EB4D97CBC681}.Debug|Any CPU.Build.0 = Debug|Any CPU
		{1062C66B-85DA-47C1-8FAD-EB4D97CBC681}.Debug|iPhone.ActiveCfg = Debug|Any CPU
		{1062C66B-85DA-47C1-8FAD-EB4D97CBC681}.Debug|iPhone.Build.0 = Debug|Any CPU
		{1062C66B-85DA-47C1-8FAD-EB4D97CBC681}.Debug|iPhoneSimulator.ActiveCfg = Debug|Any CPU
		{1062C66B-85DA-47C1-8FAD-EB4D97CBC681}.Debug|iPhoneSimulator.Build.0 = Debug|Any CPU
		{1062C66B-85DA-47C1-8FAD-EB4D97CBC681}.Debug|x64.ActiveCfg = Debug|Any CPU
		{1062C66B-85DA-47C1-8FAD-EB4D97CBC681}.Debug|x64.Build.0 = Debug|Any CPU
		{1062C66B-85DA-47C1-8FAD-EB4D97CBC681}.Debug|x86.ActiveCfg = Debug|Any CPU
		{1062C66B-85DA-47C1-8FAD-EB4D97CBC681}.Debug|x86.Build.0 = Debug|Any CPU
		{1062C66B-85DA-47C1-8FAD-EB4D97CBC681}.Release|Any CPU.ActiveCfg = Release|Any CPU
		{1062C66B-85DA-47C1-8FAD-EB4D97CBC681}.Release|Any CPU.Build.0 = Release|Any CPU
		{1062C66B-85DA-47C1-8FAD-EB4D97CBC681}.Release|iPhone.ActiveCfg = Release|Any CPU
		{1062C66B-85DA-47C1-8FAD-EB4D97CBC681}.Release|iPhone.Build.0 = Release|Any CPU
		{1062C66B-85DA-47C1-8FAD-EB4D97CBC681}.Release|iPhoneSimulator.ActiveCfg = Release|Any CPU
		{1062C66B-85DA-47C1-8FAD-EB4D97CBC681}.Release|iPhoneSimulator.Build.0 = Release|Any CPU
		{1062C66B-85DA-47C1-8FAD-EB4D97CBC681}.Release|x64.ActiveCfg = Release|Any CPU
		{1062C66B-85DA-47C1-8FAD-EB4D97CBC681}.Release|x64.Build.0 = Release|Any CPU
		{1062C66B-85DA-47C1-8FAD-EB4D97CBC681}.Release|x86.ActiveCfg = Release|Any CPU
		{1062C66B-85DA-47C1-8FAD-EB4D97CBC681}.Release|x86.Build.0 = Release|Any CPU
		{4C56E148-F910-4E67-8E1E-DAC73E8A3CED}.Debug|Any CPU.ActiveCfg = Debug|Any CPU
		{4C56E148-F910-4E67-8E1E-DAC73E8A3CED}.Debug|Any CPU.Build.0 = Debug|Any CPU
		{4C56E148-F910-4E67-8E1E-DAC73E8A3CED}.Debug|iPhone.ActiveCfg = Debug|Any CPU
		{4C56E148-F910-4E67-8E1E-DAC73E8A3CED}.Debug|iPhone.Build.0 = Debug|Any CPU
		{4C56E148-F910-4E67-8E1E-DAC73E8A3CED}.Debug|iPhoneSimulator.ActiveCfg = Debug|Any CPU
		{4C56E148-F910-4E67-8E1E-DAC73E8A3CED}.Debug|iPhoneSimulator.Build.0 = Debug|Any CPU
		{4C56E148-F910-4E67-8E1E-DAC73E8A3CED}.Debug|x64.ActiveCfg = Debug|Any CPU
		{4C56E148-F910-4E67-8E1E-DAC73E8A3CED}.Debug|x64.Build.0 = Debug|Any CPU
		{4C56E148-F910-4E67-8E1E-DAC73E8A3CED}.Debug|x86.ActiveCfg = Debug|Any CPU
		{4C56E148-F910-4E67-8E1E-DAC73E8A3CED}.Debug|x86.Build.0 = Debug|Any CPU
		{4C56E148-F910-4E67-8E1E-DAC73E8A3CED}.Release|Any CPU.ActiveCfg = Release|Any CPU
		{4C56E148-F910-4E67-8E1E-DAC73E8A3CED}.Release|Any CPU.Build.0 = Release|Any CPU
		{4C56E148-F910-4E67-8E1E-DAC73E8A3CED}.Release|iPhone.ActiveCfg = Release|Any CPU
		{4C56E148-F910-4E67-8E1E-DAC73E8A3CED}.Release|iPhone.Build.0 = Release|Any CPU
		{4C56E148-F910-4E67-8E1E-DAC73E8A3CED}.Release|iPhoneSimulator.ActiveCfg = Release|Any CPU
		{4C56E148-F910-4E67-8E1E-DAC73E8A3CED}.Release|iPhoneSimulator.Build.0 = Release|Any CPU
		{4C56E148-F910-4E67-8E1E-DAC73E8A3CED}.Release|x64.ActiveCfg = Release|Any CPU
		{4C56E148-F910-4E67-8E1E-DAC73E8A3CED}.Release|x64.Build.0 = Release|Any CPU
		{4C56E148-F910-4E67-8E1E-DAC73E8A3CED}.Release|x86.ActiveCfg = Release|Any CPU
		{4C56E148-F910-4E67-8E1E-DAC73E8A3CED}.Release|x86.Build.0 = Release|Any CPU
		{221C07F4-3E6F-4B43-AFE7-9239637BC2BA}.Debug|Any CPU.ActiveCfg = Debug|Any CPU
		{221C07F4-3E6F-4B43-AFE7-9239637BC2BA}.Debug|Any CPU.Build.0 = Debug|Any CPU
		{221C07F4-3E6F-4B43-AFE7-9239637BC2BA}.Debug|iPhone.ActiveCfg = Debug|Any CPU
		{221C07F4-3E6F-4B43-AFE7-9239637BC2BA}.Debug|iPhone.Build.0 = Debug|Any CPU
		{221C07F4-3E6F-4B43-AFE7-9239637BC2BA}.Debug|iPhoneSimulator.ActiveCfg = Debug|Any CPU
		{221C07F4-3E6F-4B43-AFE7-9239637BC2BA}.Debug|iPhoneSimulator.Build.0 = Debug|Any CPU
		{221C07F4-3E6F-4B43-AFE7-9239637BC2BA}.Debug|x64.ActiveCfg = Debug|Any CPU
		{221C07F4-3E6F-4B43-AFE7-9239637BC2BA}.Debug|x64.Build.0 = Debug|Any CPU
		{221C07F4-3E6F-4B43-AFE7-9239637BC2BA}.Debug|x86.ActiveCfg = Debug|Any CPU
		{221C07F4-3E6F-4B43-AFE7-9239637BC2BA}.Debug|x86.Build.0 = Debug|Any CPU
		{221C07F4-3E6F-4B43-AFE7-9239637BC2BA}.Release|Any CPU.ActiveCfg = Release|Any CPU
		{221C07F4-3E6F-4B43-AFE7-9239637BC2BA}.Release|Any CPU.Build.0 = Release|Any CPU
		{221C07F4-3E6F-4B43-AFE7-9239637BC2BA}.Release|iPhone.ActiveCfg = Release|Any CPU
		{221C07F4-3E6F-4B43-AFE7-9239637BC2BA}.Release|iPhone.Build.0 = Release|Any CPU
		{221C07F4-3E6F-4B43-AFE7-9239637BC2BA}.Release|iPhoneSimulator.ActiveCfg = Release|Any CPU
		{221C07F4-3E6F-4B43-AFE7-9239637BC2BA}.Release|iPhoneSimulator.Build.0 = Release|Any CPU
		{221C07F4-3E6F-4B43-AFE7-9239637BC2BA}.Release|x64.ActiveCfg = Release|Any CPU
		{221C07F4-3E6F-4B43-AFE7-9239637BC2BA}.Release|x64.Build.0 = Release|Any CPU
		{221C07F4-3E6F-4B43-AFE7-9239637BC2BA}.Release|x86.ActiveCfg = Release|Any CPU
		{221C07F4-3E6F-4B43-AFE7-9239637BC2BA}.Release|x86.Build.0 = Release|Any CPU
		{87E418E8-ADD9-4BC6-8BFE-2A9D34A75E2A}.Debug|Any CPU.ActiveCfg = Debug|Any CPU
		{87E418E8-ADD9-4BC6-8BFE-2A9D34A75E2A}.Debug|Any CPU.Build.0 = Debug|Any CPU
		{87E418E8-ADD9-4BC6-8BFE-2A9D34A75E2A}.Debug|iPhone.ActiveCfg = Debug|Any CPU
		{87E418E8-ADD9-4BC6-8BFE-2A9D34A75E2A}.Debug|iPhone.Build.0 = Debug|Any CPU
		{87E418E8-ADD9-4BC6-8BFE-2A9D34A75E2A}.Debug|iPhoneSimulator.ActiveCfg = Debug|Any CPU
		{87E418E8-ADD9-4BC6-8BFE-2A9D34A75E2A}.Debug|iPhoneSimulator.Build.0 = Debug|Any CPU
		{87E418E8-ADD9-4BC6-8BFE-2A9D34A75E2A}.Debug|x64.ActiveCfg = Debug|Any CPU
		{87E418E8-ADD9-4BC6-8BFE-2A9D34A75E2A}.Debug|x64.Build.0 = Debug|Any CPU
		{87E418E8-ADD9-4BC6-8BFE-2A9D34A75E2A}.Debug|x86.ActiveCfg = Debug|Any CPU
		{87E418E8-ADD9-4BC6-8BFE-2A9D34A75E2A}.Debug|x86.Build.0 = Debug|Any CPU
		{87E418E8-ADD9-4BC6-8BFE-2A9D34A75E2A}.Release|Any CPU.ActiveCfg = Release|Any CPU
		{87E418E8-ADD9-4BC6-8BFE-2A9D34A75E2A}.Release|Any CPU.Build.0 = Release|Any CPU
		{87E418E8-ADD9-4BC6-8BFE-2A9D34A75E2A}.Release|iPhone.ActiveCfg = Release|Any CPU
		{87E418E8-ADD9-4BC6-8BFE-2A9D34A75E2A}.Release|iPhone.Build.0 = Release|Any CPU
		{87E418E8-ADD9-4BC6-8BFE-2A9D34A75E2A}.Release|iPhoneSimulator.ActiveCfg = Release|Any CPU
		{87E418E8-ADD9-4BC6-8BFE-2A9D34A75E2A}.Release|iPhoneSimulator.Build.0 = Release|Any CPU
		{87E418E8-ADD9-4BC6-8BFE-2A9D34A75E2A}.Release|x64.ActiveCfg = Release|Any CPU
		{87E418E8-ADD9-4BC6-8BFE-2A9D34A75E2A}.Release|x64.Build.0 = Release|Any CPU
		{87E418E8-ADD9-4BC6-8BFE-2A9D34A75E2A}.Release|x86.ActiveCfg = Release|Any CPU
		{87E418E8-ADD9-4BC6-8BFE-2A9D34A75E2A}.Release|x86.Build.0 = Release|Any CPU
		{66C60273-A340-4261-B2BE-430F7E6D3F6D}.Debug|Any CPU.ActiveCfg = Debug|Any CPU
		{66C60273-A340-4261-B2BE-430F7E6D3F6D}.Debug|Any CPU.Build.0 = Debug|Any CPU
		{66C60273-A340-4261-B2BE-430F7E6D3F6D}.Debug|iPhone.ActiveCfg = Debug|Any CPU
		{66C60273-A340-4261-B2BE-430F7E6D3F6D}.Debug|iPhone.Build.0 = Debug|Any CPU
		{66C60273-A340-4261-B2BE-430F7E6D3F6D}.Debug|iPhoneSimulator.ActiveCfg = Debug|Any CPU
		{66C60273-A340-4261-B2BE-430F7E6D3F6D}.Debug|iPhoneSimulator.Build.0 = Debug|Any CPU
		{66C60273-A340-4261-B2BE-430F7E6D3F6D}.Debug|x64.ActiveCfg = Debug|Any CPU
		{66C60273-A340-4261-B2BE-430F7E6D3F6D}.Debug|x64.Build.0 = Debug|Any CPU
		{66C60273-A340-4261-B2BE-430F7E6D3F6D}.Debug|x86.ActiveCfg = Debug|Any CPU
		{66C60273-A340-4261-B2BE-430F7E6D3F6D}.Debug|x86.Build.0 = Debug|Any CPU
		{66C60273-A340-4261-B2BE-430F7E6D3F6D}.Release|Any CPU.ActiveCfg = Release|Any CPU
		{66C60273-A340-4261-B2BE-430F7E6D3F6D}.Release|Any CPU.Build.0 = Release|Any CPU
		{66C60273-A340-4261-B2BE-430F7E6D3F6D}.Release|iPhone.ActiveCfg = Release|Any CPU
		{66C60273-A340-4261-B2BE-430F7E6D3F6D}.Release|iPhone.Build.0 = Release|Any CPU
		{66C60273-A340-4261-B2BE-430F7E6D3F6D}.Release|iPhoneSimulator.ActiveCfg = Release|Any CPU
		{66C60273-A340-4261-B2BE-430F7E6D3F6D}.Release|iPhoneSimulator.Build.0 = Release|Any CPU
		{66C60273-A340-4261-B2BE-430F7E6D3F6D}.Release|x64.ActiveCfg = Release|Any CPU
		{66C60273-A340-4261-B2BE-430F7E6D3F6D}.Release|x64.Build.0 = Release|Any CPU
		{66C60273-A340-4261-B2BE-430F7E6D3F6D}.Release|x86.ActiveCfg = Release|Any CPU
		{66C60273-A340-4261-B2BE-430F7E6D3F6D}.Release|x86.Build.0 = Release|Any CPU
	EndGlobalSection
	GlobalSection(SolutionProperties) = preSolution
		HideSolutionNode = FALSE
	EndGlobalSection
	GlobalSection(ExtensibilityGlobals) = postSolution
		SolutionGuid = {41BAB78C-7086-4684-A3C8-222F4927D7DE}
	EndGlobalSection
EndGlobal
